Microsoft Visual Studio Solution File, Format Version 12.00
# Visual Studio Version 17
VisualStudioVersion = 17.0.32126.317
MinimumVisualStudioVersion = 10.0.40219.1
Project("{2150E333-8FDC-42A3-9474-1A3956D46DE8}") = "1. Domain", "1. Domain", "{5C7762D8-0250-4F79-9351-B750102D1AC8}"
EndProject
Project("{2150E333-8FDC-42A3-9474-1A3956D46DE8}") = "2. DTO", "2. DTO", "{E1B912FD-F02D-4270-B675-548B03F40AFD}"
EndProject
Project("{2150E333-8FDC-42A3-9474-1A3956D46DE8}") = "3. Business Logic", "3. Business Logic", "{31CB4504-D658-4945-8A28-55FDD0A6F55F}"
EndProject
Project("{2150E333-8FDC-42A3-9474-1A3956D46DE8}") = "4. Presentation", "4. Presentation", "{3B1EBD1A-5395-4FF3-A1C1-7EC8C29451A3}"
EndProject
Project("{2150E333-8FDC-42A3-9474-1A3956D46DE8}") = "5. Common", "5. Common", "{6D216B0B-2391-43DD-A1CE-6DB3C10316E4}"
EndProject
Project("{2150E333-8FDC-42A3-9474-1A3956D46DE8}") = "6. Tests", "6. Tests", "{C638FA06-7565-4948-8CA7-207BCB54EF59}"
EndProject
Project("{9A19103F-16F7-4668-BE54-9A1E7A4F7556}") = "Items.DTO", "Items.DTO\Items.DTO.csproj", "{852C1751-53C0-4D65-A9EA-81BCDA9D6961}"
EndProject
Project("{9A19103F-16F7-4668-BE54-9A1E7A4F7556}") = "Common", "Common\Common.csproj", "{C51A7D20-99B6-4C0C-A4F0-68D20942ECF4}"
EndProject
Project("{9A19103F-16F7-4668-BE54-9A1E7A4F7556}") = "Items.Data.EFCore", "Items.Data.EFCore\Items.Data.EFCore.csproj", "{CAD74EA7-FABB-4FA2-ACCF-A92C5CA5A29C}"
EndProject
Project("{2150E333-8FDC-42A3-9474-1A3956D46DE8}") = "Solution Items", "Solution Items", "{D8E4827D-8F0E-4A31-9467-712FA0040A0B}"
	ProjectSection(SolutionItems) = preProject
		.editorconfig = .editorconfig
	EndProjectSection
EndProject
Project("{9A19103F-16F7-4668-BE54-9A1E7A4F7556}") = "Items.Domain", "Items.Domain\Items.Domain.csproj", "{06834BD0-F0E5-4700-959F-48B747C0F293}"
EndProject
Project("{9A19103F-16F7-4668-BE54-9A1E7A4F7556}") = "Items.BusinessLogic", "Items.BusinessLogic\Items.BusinessLogic.csproj", "{021DE33F-C8D3-4924-B790-816BB9421FD5}"
EndProject
Project("{9A19103F-16F7-4668-BE54-9A1E7A4F7556}") = "Items.WebAPI", "Items.WebAPI\Items.WebAPI.csproj", "{77F46984-9516-475D-9666-B6F96567597D}"
EndProject
Project("{9A19103F-16F7-4668-BE54-9A1E7A4F7556}") = "Items.Common.DependencyInjection", "Items.Common.DependencyInjection\Items.Common.DependencyInjection.csproj", "{92A9EA35-6DAC-478B-A639-7BD14A945A4F}"
EndProject
Project("{9A19103F-16F7-4668-BE54-9A1E7A4F7556}") = "Items.IntegrationTests", "Items.IntegrationTests\Items.IntegrationTests.csproj", "{ECCB9F93-D4D3-4DA5-ADEB-CEA35D8B38FF}"
EndProject
Project("{9A19103F-16F7-4668-BE54-9A1E7A4F7556}") = "Items.Common.Testing", "Items.Common.Testing\Items.Common.Testing.csproj", "{26C69B74-B1BB-4FFF-AEE8-3590CD280A70}"
EndProject
Project("{9A19103F-16F7-4668-BE54-9A1E7A4F7556}") = "Items.Common.WebAPI", "Items.Common.WebAPI\Items.Common.WebAPI.csproj", "{4B6D0262-F0C8-4F50-BB6D-0DED334E690F}"
EndProject
Global
	GlobalSection(SolutionConfigurationPlatforms) = preSolution
		Debug|Any CPU = Debug|Any CPU
		Release|Any CPU = Release|Any CPU
		Staging|Any CPU = Staging|Any CPU
	EndGlobalSection
	GlobalSection(ProjectConfigurationPlatforms) = postSolution
		{852C1751-53C0-4D65-A9EA-81BCDA9D6961}.Debug|Any CPU.ActiveCfg = Debug|Any CPU
		{852C1751-53C0-4D65-A9EA-81BCDA9D6961}.Debug|Any CPU.Build.0 = Debug|Any CPU
		{852C1751-53C0-4D65-A9EA-81BCDA9D6961}.Release|Any CPU.ActiveCfg = Release|Any CPU
		{852C1751-53C0-4D65-A9EA-81BCDA9D6961}.Release|Any CPU.Build.0 = Release|Any CPU
		{852C1751-53C0-4D65-A9EA-81BCDA9D6961}.Staging|Any CPU.ActiveCfg = Debug|Any CPU
		{852C1751-53C0-4D65-A9EA-81BCDA9D6961}.Staging|Any CPU.Build.0 = Debug|Any CPU
		{C51A7D20-99B6-4C0C-A4F0-68D20942ECF4}.Debug|Any CPU.ActiveCfg = Debug|Any CPU
		{C51A7D20-99B6-4C0C-A4F0-68D20942ECF4}.Debug|Any CPU.Build.0 = Debug|Any CPU
		{C51A7D20-99B6-4C0C-A4F0-68D20942ECF4}.Release|Any CPU.ActiveCfg = Release|Any CPU
		{C51A7D20-99B6-4C0C-A4F0-68D20942ECF4}.Release|Any CPU.Build.0 = Release|Any CPU
		{C51A7D20-99B6-4C0C-A4F0-68D20942ECF4}.Staging|Any CPU.ActiveCfg = Debug|Any CPU
		{C51A7D20-99B6-4C0C-A4F0-68D20942ECF4}.Staging|Any CPU.Build.0 = Debug|Any CPU
		{CAD74EA7-FABB-4FA2-ACCF-A92C5CA5A29C}.Debug|Any CPU.ActiveCfg = Debug|Any CPU
		{CAD74EA7-FABB-4FA2-ACCF-A92C5CA5A29C}.Debug|Any CPU.Build.0 = Debug|Any CPU
		{CAD74EA7-FABB-4FA2-ACCF-A92C5CA5A29C}.Release|Any CPU.ActiveCfg = Release|Any CPU
		{CAD74EA7-FABB-4FA2-ACCF-A92C5CA5A29C}.Release|Any CPU.Build.0 = Release|Any CPU
		{CAD74EA7-FABB-4FA2-ACCF-A92C5CA5A29C}.Staging|Any CPU.ActiveCfg = Staging|Any CPU
		{CAD74EA7-FABB-4FA2-ACCF-A92C5CA5A29C}.Staging|Any CPU.Build.0 = Staging|Any CPU
		{06834BD0-F0E5-4700-959F-48B747C0F293}.Debug|Any CPU.ActiveCfg = Debug|Any CPU
		{06834BD0-F0E5-4700-959F-48B747C0F293}.Debug|Any CPU.Build.0 = Debug|Any CPU
		{06834BD0-F0E5-4700-959F-48B747C0F293}.Release|Any CPU.ActiveCfg = Release|Any CPU
		{06834BD0-F0E5-4700-959F-48B747C0F293}.Release|Any CPU.Build.0 = Release|Any CPU
		{06834BD0-F0E5-4700-959F-48B747C0F293}.Staging|Any CPU.ActiveCfg = Debug|Any CPU
		{06834BD0-F0E5-4700-959F-48B747C0F293}.Staging|Any CPU.Build.0 = Debug|Any CPU
		{021DE33F-C8D3-4924-B790-816BB9421FD5}.Debug|Any CPU.ActiveCfg = Debug|Any CPU
		{021DE33F-C8D3-4924-B790-816BB9421FD5}.Debug|Any CPU.Build.0 = Debug|Any CPU
		{021DE33F-C8D3-4924-B790-816BB9421FD5}.Release|Any CPU.ActiveCfg = Release|Any CPU
		{021DE33F-C8D3-4924-B790-816BB9421FD5}.Release|Any CPU.Build.0 = Release|Any CPU
		{021DE33F-C8D3-4924-B790-816BB9421FD5}.Staging|Any CPU.ActiveCfg = Debug|Any CPU
		{021DE33F-C8D3-4924-B790-816BB9421FD5}.Staging|Any CPU.Build.0 = Debug|Any CPU
		{77F46984-9516-475D-9666-B6F96567597D}.Debug|Any CPU.ActiveCfg = Debug|Any CPU
		{77F46984-9516-475D-9666-B6F96567597D}.Debug|Any CPU.Build.0 = Debug|Any CPU
		{77F46984-9516-475D-9666-B6F96567597D}.Release|Any CPU.ActiveCfg = Release|Any CPU
		{77F46984-9516-475D-9666-B6F96567597D}.Release|Any CPU.Build.0 = Release|Any CPU
		{77F46984-9516-475D-9666-B6F96567597D}.Staging|Any CPU.ActiveCfg = Debug|Any CPU
		{77F46984-9516-475D-9666-B6F96567597D}.Staging|Any CPU.Build.0 = Debug|Any CPU
		{92A9EA35-6DAC-478B-A639-7BD14A945A4F}.Debug|Any CPU.ActiveCfg = Debug|Any CPU
		{92A9EA35-6DAC-478B-A639-7BD14A945A4F}.Debug|Any CPU.Build.0 = Debug|Any CPU
		{92A9EA35-6DAC-478B-A639-7BD14A945A4F}.Release|Any CPU.ActiveCfg = Release|Any CPU
		{92A9EA35-6DAC-478B-A639-7BD14A945A4F}.Release|Any CPU.Build.0 = Release|Any CPU
		{92A9EA35-6DAC-478B-A639-7BD14A945A4F}.Staging|Any CPU.ActiveCfg = Debug|Any CPU
		{92A9EA35-6DAC-478B-A639-7BD14A945A4F}.Staging|Any CPU.Build.0 = Debug|Any CPU
		{ECCB9F93-D4D3-4DA5-ADEB-CEA35D8B38FF}.Debug|Any CPU.ActiveCfg = Debug|Any CPU
		{ECCB9F93-D4D3-4DA5-ADEB-CEA35D8B38FF}.Debug|Any CPU.Build.0 = Debug|Any CPU
		{ECCB9F93-D4D3-4DA5-ADEB-CEA35D8B38FF}.Release|Any CPU.ActiveCfg = Release|Any CPU
		{ECCB9F93-D4D3-4DA5-ADEB-CEA35D8B38FF}.Release|Any CPU.Build.0 = Release|Any CPU
		{ECCB9F93-D4D3-4DA5-ADEB-CEA35D8B38FF}.Staging|Any CPU.ActiveCfg = Debug|Any CPU
		{ECCB9F93-D4D3-4DA5-ADEB-CEA35D8B38FF}.Staging|Any CPU.Build.0 = Debug|Any CPU
		{26C69B74-B1BB-4FFF-AEE8-3590CD280A70}.Debug|Any CPU.ActiveCfg = Debug|Any CPU
		{26C69B74-B1BB-4FFF-AEE8-3590CD280A70}.Debug|Any CPU.Build.0 = Debug|Any CPU
		{26C69B74-B1BB-4FFF-AEE8-3590CD280A70}.Release|Any CPU.ActiveCfg = Release|Any CPU
		{26C69B74-B1BB-4FFF-AEE8-3590CD280A70}.Release|Any CPU.Build.0 = Release|Any CPU
		{26C69B74-B1BB-4FFF-AEE8-3590CD280A70}.Staging|Any CPU.ActiveCfg = Debug|Any CPU
		{26C69B74-B1BB-4FFF-AEE8-3590CD280A70}.Staging|Any CPU.Build.0 = Debug|Any CPU
		{4B6D0262-F0C8-4F50-BB6D-0DED334E690F}.Debug|Any CPU.ActiveCfg = Debug|Any CPU
		{4B6D0262-F0C8-4F50-BB6D-0DED334E690F}.Debug|Any CPU.Build.0 = Debug|Any CPU
		{4B6D0262-F0C8-4F50-BB6D-0DED334E690F}.Release|Any CPU.ActiveCfg = Release|Any CPU
		{4B6D0262-F0C8-4F50-BB6D-0DED334E690F}.Release|Any CPU.Build.0 = Release|Any CPU
		{4B6D0262-F0C8-4F50-BB6D-0DED334E690F}.Staging|Any CPU.ActiveCfg = Debug|Any CPU
		{4B6D0262-F0C8-4F50-BB6D-0DED334E690F}.Staging|Any CPU.Build.0 = Debug|Any CPU
	EndGlobalSection
	GlobalSection(SolutionProperties) = preSolution
		HideSolutionNode = FALSE
	EndGlobalSection
	GlobalSection(NestedProjects) = preSolution
		{852C1751-53C0-4D65-A9EA-81BCDA9D6961} = {E1B912FD-F02D-4270-B675-548B03F40AFD}
		{C51A7D20-99B6-4C0C-A4F0-68D20942ECF4} = {6D216B0B-2391-43DD-A1CE-6DB3C10316E4}
		{CAD74EA7-FABB-4FA2-ACCF-A92C5CA5A29C} = {6D216B0B-2391-43DD-A1CE-6DB3C10316E4}
		{06834BD0-F0E5-4700-959F-48B747C0F293} = {5C7762D8-0250-4F79-9351-B750102D1AC8}
		{021DE33F-C8D3-4924-B790-816BB9421FD5} = {31CB4504-D658-4945-8A28-55FDD0A6F55F}
		{77F46984-9516-475D-9666-B6F96567597D} = {3B1EBD1A-5395-4FF3-A1C1-7EC8C29451A3}
		{92A9EA35-6DAC-478B-A639-7BD14A945A4F} = {6D216B0B-2391-43DD-A1CE-6DB3C10316E4}
		{ECCB9F93-D4D3-4DA5-ADEB-CEA35D8B38FF} = {C638FA06-7565-4948-8CA7-207BCB54EF59}
		{26C69B74-B1BB-4FFF-AEE8-3590CD280A70} = {C638FA06-7565-4948-8CA7-207BCB54EF59}
		{4B6D0262-F0C8-4F50-BB6D-0DED334E690F} = {6D216B0B-2391-43DD-A1CE-6DB3C10316E4}
	EndGlobalSection
	GlobalSection(ExtensibilityGlobals) = postSolution
		SolutionGuid = {67242231-640E-4EC4-BAEA-00EB03EBAB98}
	EndGlobalSection
EndGlobal
